
Microsoft Visual Studio Solution File, Format Version 12.00
# Visual Studio Version 17
VisualStudioVersion = 17.14.37111.16 d17.14
MinimumVisualStudioVersion = 10.0.40219.1
Project("{FAE04EC0-301F-11D3-BF4B-00C04F79EFBC}") = "Lentis.Api", "Lentis.Api\Lentis.Api.csproj", "{3B1A2CD7-A23A-4E2D-9E7F-EE01E824FA3B}"
EndProject
Global
	GlobalSection(SolutionConfigurationPlatforms) = preSolution
		Debug|Any CPU = Debug|Any CPU
		Release|Any CPU = Release|Any CPU
	EndGlobalSection
	GlobalSection(ProjectConfigurationPlatforms) = postSolution
		{3B1A2CD7-A23A-4E2D-9E7F-EE01E824FA3B}.Debug|Any CPU.ActiveCfg = Debug|Any CPU
		{3B1A2CD7-A23A-4E2D-9E7F-EE01E824FA3B}.Debug|Any CPU.Build.0 = Debug|Any CPU
		{3B1A2CD7-A23A-4E2D-9E7F-EE01E824FA3B}.Release|Any CPU.ActiveCfg = Release|Any CPU
		{3B1A2CD7-A23A-4E2D-9E7F-EE01E824FA3B}.Release|Any CPU.Build.0 = Release|Any CPU
	EndGlobalSection
	GlobalSection(SolutionProperties) = preSolution
		HideSolutionNode = FALSE
	EndGlobalSection
	GlobalSection(ExtensibilityGlobals) = postSolution
		SolutionGuid = {CDF55EC9-A12D-42BB-BF6C-5ED5FE00D6C5}
	EndGlobalSection
EndGlobal
